
Microsoft Visual Studio Solution File, Format Version 12.00
# Visual Studio Version 16
VisualStudioVersion = 16.0.31515.178
MinimumVisualStudioVersion = 10.0.40219.1
Project("{FAE04EC0-301F-11D3-BF4B-00C04F79EFBC}") = "SecondAssignment", "SecondAssignment\SecondAssignment.csproj", "{99E42ECE-9862-48CF-B725-A801DDEB5CDE}"
EndProject
Global
	GlobalSection(SolutionConfigurationPlatforms) = preSolution
		Debug|Any CPU = Debug|Any CPU
		Release|Any CPU = Release|Any CPU
	EndGlobalSection
	GlobalSection(ProjectConfigurationPlatforms) = postSolution
		{99E42ECE-9862-48CF-B725-A801DDEB5CDE}.Debug|Any CPU.ActiveCfg = Debug|Any CPU
		{99E42ECE-9862-48CF-B725-A801DDEB5CDE}.Debug|Any CPU.Build.0 = Debug|Any CPU
		{99E42ECE-9862-48CF-B725-A801DDEB5CDE}.Release|Any CPU.ActiveCfg = Release|Any CPU
		{99E42ECE-9862-48CF-B725-A801DDEB5CDE}.Release|Any CPU.Build.0 = Release|Any CPU
	EndGlobalSection
	GlobalSection(SolutionProperties) = preSolution
		HideSolutionNode = FALSE
	EndGlobalSection
	GlobalSection(ExtensibilityGlobals) = postSolution
		SolutionGuid = {B0FEE627-3467-4C35-8389-C39B188BEA91}
	EndGlobalSection
EndGlobal
